
Microsoft Visual Studio Solution File, Format Version 12.00
# Visual Studio Version 17
VisualStudioVersion = 17.11.35219.272
MinimumVisualStudioVersion = 10.0.40219.1
Project("{FAE04EC0-301F-11D3-BF4B-00C04F79EFBC}") = "Valikute konstruktsionid2", "Valikute konstruktsionid2\Valikute konstruktsionid2.csproj", "{92C9BA6C-C0D9-49D7-A030-F6BA27591BE8}"
EndProject
Global
	GlobalSection(SolutionConfigurationPlatforms) = preSolution
		Debug|Any CPU = Debug|Any CPU
		Release|Any CPU = Release|Any CPU
	EndGlobalSection
	GlobalSection(ProjectConfigurationPlatforms) = postSolution
		{92C9BA6C-C0D9-49D7-A030-F6BA27591BE8}.Debug|Any CPU.ActiveCfg = Debug|Any CPU
		{92C9BA6C-C0D9-49D7-A030-F6BA27591BE8}.Debug|Any CPU.Build.0 = Debug|Any CPU
		{92C9BA6C-C0D9-49D7-A030-F6BA27591BE8}.Release|Any CPU.ActiveCfg = Release|Any CPU
		{92C9BA6C-C0D9-49D7-A030-F6BA27591BE8}.Release|Any CPU.Build.0 = Release|Any CPU
	EndGlobalSection
	GlobalSection(SolutionProperties) = preSolution
		HideSolutionNode = FALSE
	EndGlobalSection
	GlobalSection(ExtensibilityGlobals) = postSolution
		SolutionGuid = {63EB6A08-DEEB-4AD3-842B-95D66958E447}
	EndGlobalSection
EndGlobal
